
Microsoft Visual Studio Solution File, Format Version 12.00
# Visual Studio Version 17
VisualStudioVersion = 17.8.34601.278
MinimumVisualStudioVersion = 10.0.40219.1
Project("{FAE04EC0-301F-11D3-BF4B-00C04F79EFBC}") = "API_Diseño", "API_Diseño\API_Diseño.csproj", "{1680AF60-A066-4C16-8DF6-167733536659}"
EndProject
Project("{FAE04EC0-301F-11D3-BF4B-00C04F79EFBC}") = "Data", "Data\Data.csproj", "{5AF2C98B-7524-42ED-B844-D8AB67F2A9FE}"
EndProject
Global
	GlobalSection(SolutionConfigurationPlatforms) = preSolution
		Debug|Any CPU = Debug|Any CPU
		Release|Any CPU = Release|Any CPU
	EndGlobalSection
	GlobalSection(ProjectConfigurationPlatforms) = postSolution
		{1680AF60-A066-4C16-8DF6-167733536659}.Debug|Any CPU.ActiveCfg = Debug|Any CPU
		{1680AF60-A066-4C16-8DF6-167733536659}.Debug|Any CPU.Build.0 = Debug|Any CPU
		{1680AF60-A066-4C16-8DF6-167733536659}.Release|Any CPU.ActiveCfg = Release|Any CPU
		{1680AF60-A066-4C16-8DF6-167733536659}.Release|Any CPU.Build.0 = Release|Any CPU
		{5AF2C98B-7524-42ED-B844-D8AB67F2A9FE}.Debug|Any CPU.ActiveCfg = Debug|Any CPU
		{5AF2C98B-7524-42ED-B844-D8AB67F2A9FE}.Debug|Any CPU.Build.0 = Debug|Any CPU
		{5AF2C98B-7524-42ED-B844-D8AB67F2A9FE}.Release|Any CPU.ActiveCfg = Release|Any CPU
		{5AF2C98B-7524-42ED-B844-D8AB67F2A9FE}.Release|Any CPU.Build.0 = Release|Any CPU
	EndGlobalSection
	GlobalSection(SolutionProperties) = preSolution
		HideSolutionNode = FALSE
	EndGlobalSection
	GlobalSection(ExtensibilityGlobals) = postSolution
		SolutionGuid = {A43C16DE-73F8-474A-8340-BC9624ECD96C}
	EndGlobalSection
EndGlobal
